
Microsoft Visual Studio Solution File, Format Version 12.00
# Visual Studio Version 17
VisualStudioVersion = 17.13.35931.197 d17.13
MinimumVisualStudioVersion = 10.0.40219.1
Project("{FAE04EC0-301F-11D3-BF4B-00C04F79EFBC}") = "FerreteriaAPI", "FerreteriaAPI.csproj", "{5A84A785-4F97-46A8-A2AA-9DFDCEB69CBD}"
EndProject
Global
	GlobalSection(SolutionConfigurationPlatforms) = preSolution
		Debug|Any CPU = Debug|Any CPU
		Release|Any CPU = Release|Any CPU
	EndGlobalSection
	GlobalSection(ProjectConfigurationPlatforms) = postSolution
		{5A84A785-4F97-46A8-A2AA-9DFDCEB69CBD}.Debug|Any CPU.ActiveCfg = Debug|Any CPU
		{5A84A785-4F97-46A8-A2AA-9DFDCEB69CBD}.Debug|Any CPU.Build.0 = Debug|Any CPU
		{5A84A785-4F97-46A8-A2AA-9DFDCEB69CBD}.Release|Any CPU.ActiveCfg = Release|Any CPU
		{5A84A785-4F97-46A8-A2AA-9DFDCEB69CBD}.Release|Any CPU.Build.0 = Release|Any CPU
	EndGlobalSection
	GlobalSection(SolutionProperties) = preSolution
		HideSolutionNode = FALSE
	EndGlobalSection
	GlobalSection(ExtensibilityGlobals) = postSolution
		SolutionGuid = {B2807BA6-D852-4EE7-95FE-642CC51C6704}
	EndGlobalSection
EndGlobal
